// !$*UTF8*$!
{
	archiveVersion = 1;
	classes = {
	};
	objectVersion = 46;
	objects = {

/* Begin PBXBuildFile section */
		275CBCCD1F26F971004E1CD4 /* View+MASAdditions.m in Sources */ = {isa = PBXBuildFile; fileRef = 275CBCB71F26F971004E1CD4 /* View+MASAdditions.m */; };
		275CBCCE1F26F971004E1CD4 /* ViewController+MASAdditions.m in Sources */ = {isa = PBXBuildFile; fileRef = 275CBCBA1F26F971004E1CD4 /* ViewController+MASAdditions.m */; };
		275CBCCF1F26F971004E1CD4 /* NSArray+MASAdditions.m in Sources */ = {isa = PBXBuildFile; fileRef = 275CBCBC1F26F971004E1CD4 /* NSArray+MASAdditions.m */; };
		275CBCD01F26F971004E1CD4 /* MASConstraint.m in Sources */ = {isa = PBXBuildFile; fileRef = 275CBCC01F26F971004E1CD4 /* MASConstraint.m */; };
		275CBCD11F26F971004E1CD4 /* MASCompositeConstraint.m in Sources */ = {isa = PBXBuildFile; fileRef = 275CBCC21F26F971004E1CD4 /* MASCompositeConstraint.m */; };
		275CBCD21F26F971004E1CD4 /* MASViewAttribute.m in Sources */ = {isa = PBXBuildFile; fileRef = 275CBCC41F26F971004E1CD4 /* MASViewAttribute.m */; };
		275CBCD31F26F971004E1CD4 /* MASViewConstraint.m in Sources */ = {isa = PBXBuildFile; fileRef = 275CBCC61F26F971004E1CD4 /* MASViewConstraint.m */; };
		275CBCD41F26F971004E1CD4 /* MASConstraintMaker.m in Sources */ = {isa = PBXBuildFile; fileRef = 275CBCC81F26F971004E1CD4 /* MASConstraintMaker.m */; };
		275CBCD51F26F971004E1CD4 /* MASLayoutConstraint.m in Sources */ = {isa = PBXBuildFile; fileRef = 275CBCCA1F26F971004E1CD4 /* MASLayoutConstraint.m */; };
		275CBCD61F26F971004E1CD4 /* NSLayoutConstraint+MASDebugAdditions.m in Sources */ = {isa = PBXBuildFile; fileRef = 275CBCCC1F26F971004E1CD4 /* NSLayoutConstraint+MASDebugAdditions.m */; };
		27850F7F1F1CF39C009CF48A /* main.m in Sources */ = {isa = PBXBuildFile; fileRef = 27850F7E1F1CF39C009CF48A /* main.m */; };
		27850F821F1CF39C009CF48A /* AppDelegate.m in Sources */ = {isa = PBXBuildFile; fileRef = 27850F811F1CF39C009CF48A /* AppDelegate.m */; };
		27850F851F1CF39C009CF48A /* ViewController.m in Sources */ = {isa = PBXBuildFile; fileRef = 27850F841F1CF39C009CF48A /* ViewController.m */; };
		27850F881F1CF39C009CF48A /* Main.storyboard in Resources */ = {isa = PBXBuildFile; fileRef = 27850F861F1CF39C009CF48A /* Main.storyboard */; };
		27850F8A1F1CF39C009CF48A /* Assets.xcassets in Resources */ = {isa = PBXBuildFile; fileRef = 27850F891F1CF39C009CF48A /* Assets.xcassets */; };
		27850F8D1F1CF39C009CF48A /* LaunchScreen.storyboard in Resources */ = {isa = PBXBuildFile; fileRef = 27850F8B1F1CF39C009CF48A /* LaunchScreen.storyboard */; };
/* End PBXBuildFile section */

/* Begin PBXFileReference section */
		275CBCB41F26F971004E1CD4 /* Masonry.h */ = {isa = PBXFileReference; fileEncoding = 4; lastKnownFileType = sourcecode.c.h; name = Masonry.h; path = "../Masonry-master/Masonry/Masonry.h"; sourceTree = "<group>"; };
		275CBCB51F26F971004E1CD4 /* MASUtilities.h */ = {isa = PBXFileReference; fileEncoding = 4; lastKnownFileType = sourcecode.c.h; name = MASUtilities.h; path = "../Masonry-master/Masonry/MASUtilities.h"; sourceTree = "<group>"; };
		275CBCB61F26F971004E1CD4 /* View+MASAdditions.h */ = {isa = PBXFileReference; fileEncoding = 4; lastKnownFileType = sourcecode.c.h; name = "View+MASAdditions.h"; path = "../Masonry-master/Masonry/View+MASAdditions.h"; sourceTree = "<group>"; };
		275CBCB71F26F971004E1CD4 /* View+MASAdditions.m */ = {isa = PBXFileReference; fileEncoding = 4; lastKnownFileType = sourcecode.c.objc; name = "View+MASAdditions.m"; path = "../Masonry-master/Masonry/View+MASAdditions.m"; sourceTree = "<group>"; };
		275CBCB81F26F971004E1CD4 /* View+MASShorthandAdditions.h */ = {isa = PBXFileReference; fileEncoding = 4; lastKnownFileType = sourcecode.c.h; name = "View+MASShorthandAdditions.h"; path = "../Masonry-master/Masonry/View+MASShorthandAdditions.h"; sourceTree = "<group>"; };
		275CBCB91F26F971004E1CD4 /* ViewController+MASAdditions.h */ = {isa = PBXFileReference; fileEncoding = 4; lastKnownFileType = sourcecode.c.h; name = "ViewController+MASAdditions.h"; path = "../Masonry-master/Masonry/ViewController+MASAdditions.h"; sourceTree = "<group>"; };
		275CBCBA1F26F971004E1CD4 /* ViewController+MASAdditions.m */ = {isa = PBXFileReference; fileEncoding = 4; lastKnownFileType = sourcecode.c.objc; name = "ViewController+MASAdditions.m"; path = "../Masonry-master/Masonry/ViewController+MASAdditions.m"; sourceTree = "<group>"; };
		275CBCBB1F26F971004E1CD4 /* NSArray+MASAdditions.h */ = {isa = PBXFileReference; fileEncoding = 4; lastKnownFileType = sourcecode.c.h; name = "NSArray+MASAdditions.h"; path = "../Masonry-master/Masonry/NSArray+MASAdditions.h"; sourceTree = "<group>"; };
		275CBCBC1F26F971004E1CD4 /* NSArray+MASAdditions.m */ = {isa = PBXFileReference; fileEncoding = 4; lastKnownFileType = sourcecode.c.objc; name = "NSArray+MASAdditions.m"; path = "../Masonry-master/Masonry/NSArray+MASAdditions.m"; sourceTree = "<group>"; };
		275CBCBD1F26F971004E1CD4 /* NSArray+MASShorthandAdditions.h */ = {isa = PBXFileReference; fileEncoding = 4; lastKnownFileType = sourcecode.c.h; name = "NSArray+MASShorthandAdditions.h"; path = "../Masonry-master/Masonry/NSArray+MASShorthandAdditions.h"; sourceTree = "<group>"; };
		275CBCBE1F26F971004E1CD4 /* MASConstraint.h */ = {isa = PBXFileReference; fileEncoding = 4; lastKnownFileType = sourcecode.c.h; name = MASConstraint.h; path = "../Masonry-master/Masonry/MASConstraint.h"; sourceTree = "<group>"; };
		275CBCBF1F26F971004E1CD4 /* MASConstraint+Private.h */ = {isa = PBXFileReference; fileEncoding = 4; lastKnownFileType = sourcecode.c.h; name = "MASConstraint+Private.h"; path = "../Masonry-master/Masonry/MASConstraint+Private.h"; sourceTree = "<group>"; };
		275CBCC01F26F971004E1CD4 /* MASConstraint.m */ = {isa = PBXFileReference; fileEncoding = 4; lastKnownFileType = sourcecode.c.objc; name = MASConstraint.m; path = "../Masonry-master/Masonry/MASConstraint.m"; sourceTree = "<group>"; };
		275CBCC11F26F971004E1CD4 /* MASCompositeConstraint.h */ = {isa = PBXFileReference; fileEncoding = 4; lastKnownFileType = sourcecode.c.h; name = MASCompositeConstraint.h; path = "../Masonry-master/Masonry/MASCompositeConstraint.h"; sourceTree = "<group>"; };
		275CBCC21F26F971004E1CD4 /* MASCompositeConstraint.m */ = {isa = PBXFileReference; fileEncoding = 4; lastKnownFileType = sourcecode.c.objc; name = MASCompositeConstraint.m; path = "../Masonry-master/Masonry/MASCompositeConstraint.m"; sourceTree = "<group>"; };
		275CBCC31F26F971004E1CD4 /* MASViewAttribute.h */ = {isa = PBXFileReference; fileEncoding = 4; lastKnownFileType = sourcecode.c.h; name = MASViewAttribute.h; path = "../Masonry-master/Masonry/MASViewAttribute.h"; sourceTree = "<group>"; };
		275CBCC41F26F971004E1CD4 /* MASViewAttribute.m */ = {isa = PBXFileReference; fileEncoding = 4; lastKnownFileType = sourcecode.c.objc; name = MASViewAttribute.m; path = "../Masonry-master/Masonry/MASViewAttribute.m"; sourceTree = "<group>"; };
		275CBCC51F26F971004E1CD4 /* MASViewConstraint.h */ = {isa = PBXFileReference; fileEncoding = 4; lastKnownFileType = sourcecode.c.h; name = MASViewConstraint.h; path = "../Masonry-master/Masonry/MASViewConstraint.h"; sourceTree = "<group>"; };
		275CBCC61F26F971004E1CD4 /* MASViewConstraint.m */ = {isa = PBXFileReference; fileEncoding = 4; lastKnownFileType = sourcecode.c.objc; name = MASViewConstraint.m; path = "../Masonry-master/Masonry/MASViewConstraint.m"; sourceTree = "<group>"; };
		275CBCC71F26F971004E1CD4 /* MASConstraintMaker.h */ = {isa = PBXFileReference; fileEncoding = 4; lastKnownFileType = sourcecode.c.h; name = MASConstraintMaker.h; path = "../Masonry-master/Masonry/MASConstraintMaker.h"; sourceTree = "<group>"; };
		275CBCC81F26F971004E1CD4 /* MASConstraintMaker.m */ = {isa = PBXFileReference; fileEncoding = 4; lastKnownFileType = sourcecode.c.objc; name = MASConstraintMaker.m; path = "../Masonry-master/Masonry/MASConstraintMaker.m"; sourceTree = "<group>"; };
		275CBCC91F26F971004E1CD4 /* MASLayoutConstraint.h */ = {isa = PBXFileReference; fileEncoding = 4; lastKnownFileType = sourcecode.c.h; name = MASLayoutConstraint.h; path = "../Masonry-master/Masonry/MASLayoutConstraint.h"; sourceTree = "<group>"; };
		275CBCCA1F26F971004E1CD4 /* MASLayoutConstraint.m */ = {isa = PBXFileReference; fileEncoding = 4; lastKnownFileType = sourcecode.c.objc; name = MASLayoutConstraint.m; path = "../Masonry-master/Masonry/MASLayoutConstraint.m"; sourceTree = "<group>"; };
		275CBCCB1F26F971004E1CD4 /* NSLayoutConstraint+MASDebugAdditions.h */ = {isa = PBXFileReference; fileEncoding = 4; lastKnownFileType = sourcecode.c.h; name = "NSLayoutConstraint+MASDebugAdditions.h"; path = "../Masonry-master/Masonry/NSLayoutConstraint+MASDebugAdditions.h"; sourceTree = "<group>"; };
		275CBCCC1F26F971004E1CD4 /* NSLayoutConstraint+MASDebugAdditions.m */ = {isa = PBXFileReference; fileEncoding = 4; lastKnownFileType = sourcecode.c.objc; name = "NSLayoutConstraint+MASDebugAdditions.m"; path = "../Masonry-master/Masonry/NSLayoutConstraint+MASDebugAdditions.m"; sourceTree = "<group>"; };
		27850F7A1F1CF39C009CF48A /* ioser.app */ = {isa = PBXFileReference; explicitFileType = wrapper.application; includeInIndex = 0; path = ioser.app; sourceTree = BUILT_PRODUCTS_DIR; };
		27850F7E1F1CF39C009CF48A /* main.m */ = {isa = PBXFileReference; lastKnownFileType = sourcecode.c.objc; path = main.m; sourceTree = "<group>"; };
		27850F801F1CF39C009CF48A /* AppDelegate.h */ = {isa = PBXFileReference; lastKnownFileType = sourcecode.c.h; path = AppDelegate.h; sourceTree = "<group>"; };
		27850F811F1CF39C009CF48A /* AppDelegate.m */ = {isa = PBXFileReference; lastKnownFileType = sourcecode.c.objc; path = AppDelegate.m; sourceTree = "<group>"; };
		27850F831F1CF39C009CF48A /* ViewController.h */ = {isa = PBXFileReference; lastKnownFileType = sourcecode.c.h; path = ViewController.h; sourceTree = "<group>"; };
		27850F841F1CF39C009CF48A /* ViewController.m */ = {isa = PBXFileReference; lastKnownFileType = sourcecode.c.objc; path = ViewController.m; sourceTree = "<group>"; };
		27850F871F1CF39C009CF48A /* Base */ = {isa = PBXFileReference; lastKnownFileType = file.storyboard; name = Base; path = Base.lproj/Main.storyboard; sourceTree = "<group>"; };
		27850F891F1CF39C009CF48A /* Assets.xcassets */ = {isa = PBXFileReference; lastKnownFileType = folder.assetcatalog; path = Assets.xcassets; sourceTree = "<group>"; };
		27850F8C1F1CF39C009CF48A /* Base */ = {isa = PBXFileReference; lastKnownFileType = file.storyboard; name = Base; path = Base.lproj/LaunchScreen.storyboard; sourceTree = "<group>"; };
		27850F8E1F1CF39C009CF48A /* Info.plist */ = {isa = PBXFileReference; lastKnownFileType = text.plist.xml; path = Info.plist; sourceTree = "<group>"; };
/* End PBXFileReference section */

/* Begin PBXFrameworksBuildPhase section */
		27850F771F1CF39C009CF48A /* Frameworks */ = {
			isa = PBXFrameworksBuildPhase;
			buildActionMask = 2147483647;
			files = (
			);
			runOnlyForDeploymentPostprocessing = 0;
		};
/* End PBXFrameworksBuildPhase section */

/* Begin PBXGroup section */
		275CBCB31F26F957004E1CD4 /* Masnory */ = {
			isa = PBXGroup;
			children = (
				275CBCB41F26F971004E1CD4 /* Masonry.h */,
				275CBCB51F26F971004E1CD4 /* MASUtilities.h */,
				275CBCB61F26F971004E1CD4 /* View+MASAdditions.h */,
				275CBCB71F26F971004E1CD4 /* View+MASAdditions.m */,
				275CBCB81F26F971004E1CD4 /* View+MASShorthandAdditions.h */,
				275CBCB91F26F971004E1CD4 /* ViewController+MASAdditions.h */,
				275CBCBA1F26F971004E1CD4 /* ViewController+MASAdditions.m */,
				275CBCBB1F26F971004E1CD4 /* NSArray+MASAdditions.h */,
				275CBCBC1F26F971004E1CD4 /* NSArray+MASAdditions.m */,
				275CBCBD1F26F971004E1CD4 /* NSArray+MASShorthandAdditions.h */,
				275CBCBE1F26F971004E1CD4 /* MASConstraint.h */,
				275CBCBF1F26F971004E1CD4 /* MASConstraint+Private.h */,
				275CBCC01F26F971004E1CD4 /* MASConstraint.m */,
				275CBCC11F26F971004E1CD4 /* MASCompositeConstraint.h */,
				275CBCC21F26F971004E1CD4 /* MASCompositeConstraint.m */,
				275CBCC31F26F971004E1CD4 /* MASViewAttribute.h */,
				275CBCC41F26F971004E1CD4 /* MASViewAttribute.m */,
				275CBCC51F26F971004E1CD4 /* MASViewConstraint.h */,
				275CBCC61F26F971004E1CD4 /* MASViewConstraint.m */,
				275CBCC71F26F971004E1CD4 /* MASConstraintMaker.h */,
				275CBCC81F26F971004E1CD4 /* MASConstraintMaker.m */,
				275CBCC91F26F971004E1CD4 /* MASLayoutConstraint.h */,
				275CBCCA1F26F971004E1CD4 /* MASLayoutConstraint.m */,
				275CBCCB1F26F971004E1CD4 /* NSLayoutConstraint+MASDebugAdditions.h */,
				275CBCCC1F26F971004E1CD4 /* NSLayoutConstraint+MASDebugAdditions.m */,
			);
			name = Masnory;
			path = ..;
			sourceTree = "<group>";
		};
		27850F711F1CF39C009CF48A = {
			isa = PBXGroup;
			children = (
				27850F7C1F1CF39C009CF48A /* ioser */,
				27850F7B1F1CF39C009CF48A /* Products */,
			);
			sourceTree = "<group>";
		};
		27850F7B1F1CF39C009CF48A /* Products */ = {
			isa = PBXGroup;
			children = (
				27850F7A1F1CF39C009CF48A /* ioser.app */,
			);
			name = Products;
			sourceTree = "<group>";
		};
		27850F7C1F1CF39C009CF48A /* ioser */ = {
			isa = PBXGroup;
			children = (
				275CBCB31F26F957004E1CD4 /* Masnory */,
				27850F801F1CF39C009CF48A /* AppDelegate.h */,
				27850F811F1CF39C009CF48A /* AppDelegate.m */,
				27850F831F1CF39C009CF48A /* ViewController.h */,
				27850F841F1CF39C009CF48A /* ViewController.m */,
				27850F861F1CF39C009CF48A /* Main.storyboard */,
				27850F891F1CF39C009CF48A /* Assets.xcassets */,
				27850F8B1F1CF39C009CF48A /* LaunchScreen.storyboard */,
				27850F8E1F1CF39C009CF48A /* Info.plist */,
				27850F7D1F1CF39C009CF48A /* Supporting Files */,
			);
			path = ioser;
			sourceTree = "<group>";
		};
		27850F7D1F1CF39C009CF48A /* Supporting Files */ = {
			isa = PBXGroup;
			children = (
				27850F7E1F1CF39C009CF48A /* main.m */,
			);
			name = "Supporting Files";
			sourceTree = "<group>";
		};
/* End PBXGroup section */

/* Begin PBXNativeTarget section */
		27850F791F1CF39C009CF48A /* ioser */ = {
			isa = PBXNativeTarget;
			buildConfigurationList = 27850F911F1CF39C009CF48A /* Build configuration list for PBXNativeTarget "ioser" */;
			buildPhases = (
				27850F761F1CF39C009CF48A /* Sources */,
				27850F771F1CF39C009CF48A /* Frameworks */,
				27850F781F1CF39C009CF48A /* Resources */,
			);
			buildRules = (
			);
			dependencies = (
			);
			name = ioser;
			productName = ioser;
			productReference = 27850F7A1F1CF39C009CF48A /* ioser.app */;
			productType = "com.apple.product-type.application";
		};
/* End PBXNativeTarget section */

/* Begin PBXProject section */
		27850F721F1CF39C009CF48A /* Project object */ = {
			isa = PBXProject;
			attributes = {
				LastUpgradeCheck = 0830;
				ORGANIZATIONNAME = "郑传余";
				TargetAttributes = {
					27850F791F1CF39C009CF48A = {
						CreatedOnToolsVersion = 8.3.3;
						DevelopmentTeam = 6J97Z89R45;
						ProvisioningStyle = Automatic;
					};
				};
			};
			buildConfigurationList = 27850F751F1CF39C009CF48A /* Build configuration list for PBXProject "ioser" */;
			compatibilityVersion = "Xcode 3.2";
			developmentRegion = English;
			hasScannedForEncodings = 0;
			knownRegions = (
				en,
				Base,
			);
			mainGroup = 27850F711F1CF39C009CF48A;
			productRefGroup = 27850F7B1F1CF39C009CF48A /* Products */;
			projectDirPath = "";
			projectRoot = "";
			targets = (
				27850F791F1CF39C009CF48A /* ioser */,
			);
		};
/* End PBXProject section */

/* Begin PBXResourcesBuildPhase section */
		27850F781F1CF39C009CF48A /* Resources */ = {
			isa = PBXResourcesBuildPhase;
			buildActionMask = 2147483647;
			files = (
				27850F8D1F1CF39C009CF48A /* LaunchScreen.storyboard in Resources */,
				27850F8A1F1CF39C009CF48A /* Assets.xcassets in Resources */,
				27850F881F1CF39C009CF48A /* Main.storyboard in Resources */,
			);
			runOnlyForDeploymentPostprocessing = 0;
		};
/* End PBXResourcesBuildPhase section */

/* Begin PBXSourcesBuildPhase section */
		27850F761F1CF39C009CF48A /* Sources */ = {
			isa = PBXSourcesBuildPhase;
			buildActionMask = 2147483647;
			files = (
				275CBCD61F26F971004E1CD4 /* NSLayoutConstraint+MASDebugAdditions.m in Sources */,
				275CBCCD1F26F971004E1CD4 /* View+MASAdditions.m in Sources */,
				275CBCCE1F26F971004E1CD4 /* ViewController+MASAdditions.m in Sources */,
				275CBCCF1F26F971004E1CD4 /* NSArray+MASAdditions.m in Sources */,
				27850F851F1CF39C009CF48A /* ViewController.m in Sources */,
				275CBCD51F26F971004E1CD4 /* MASLayoutConstraint.m in Sources */,
				275CBCD11F26F971004E1CD4 /* MASCompositeConstraint.m in Sources */,
				275CBCD31F26F971004E1CD4 /* MASViewConstraint.m in Sources */,
				275CBCD21F26F971004E1CD4 /* MASViewAttribute.m in Sources */,
				27850F821F1CF39C009CF48A /* AppDelegate.m in Sources */,
				275CBCD01F26F971004E1CD4 /* MASConstraint.m in Sources */,
				275CBCD41F26F971004E1CD4 /* MASConstraintMaker.m in Sources */,
				27850F7F1F1CF39C009CF48A /* main.m in Sources */,
			);
			runOnlyForDeploymentPostprocessing = 0;
		};
/* End PBXSourcesBuildPhase section */

/* Begin PBXVariantGroup section */
		27850F861F1CF39C009CF48A /* Main.storyboard */ = {
			isa = PBXVariantGroup;
			children = (
				27850F871F1CF39C009CF48A /* Base */,
			);
			name = Main.storyboard;
			sourceTree = "<group>";
		};
		27850F8B1F1CF39C009CF48A /* LaunchScreen.storyboard */ = {
			isa = PBXVariantGroup;
			children = (
				27850F8C1F1CF39C009CF48A /* Base */,
			);
			name = LaunchScreen.storyboard;
			sourceTree = "<group>";
		};
/* End PBXVariantGroup section */

/* Begin XCBuildConfiguration section */
		27850F8F1F1CF39C009CF48A /* Debug */ = {
			isa = XCBuildConfiguration;
			buildSettings = {
				ALWAYS_SEARCH_USER_PATHS = NO;
				CLANG_ANALYZER_NONNULL = YES;
				CLANG_ANALYZER_NUMBER_OBJECT_CONVERSION = YES_AGGRESSIVE;
				CLANG_CXX_LANGUAGE_STANDARD = "gnu++0x";
				CLANG_CXX_LIBRARY = "libc++";
				CLANG_ENABLE_MODULES = YES;
				CLANG_ENABLE_OBJC_ARC = YES;
				CLANG_WARN_BOOL_CONVERSION = YES;
				CLANG_WARN_CONSTANT_CONVERSION = YES;
				CLANG_WARN_DIRECT_OBJC_ISA_USAGE = YES_ERROR;
				CLANG_WARN_DOCUMENTATION_COMMENTS = YES;
				CLANG_WARN_EMPTY_BODY = YES;
				CLANG_WARN_ENUM_CONVERSION = YES;
				CLANG_WARN_INFINITE_RECURSION = YES;
				CLANG_WARN_INT_CONVERSION = YES;
				CLANG_WARN_OBJC_ROOT_CLASS = YES_ERROR;
				CLANG_WARN_SUSPICIOUS_MOVE = YES;
				CLANG_WARN_UNREACHABLE_CODE = YES;
				CLANG_WARN__DUPLICATE_METHOD_MATCH = YES;
				"CODE_SIGN_IDENTITY[sdk=iphoneos*]" = "iPhone Developer";
				COPY_PHASE_STRIP = NO;
				DEBUG_INFORMATION_FORMAT = dwarf;
				ENABLE_STRICT_OBJC_MSGSEND = YES;
				ENABLE_TESTABILITY = YES;
				GCC_C_LANGUAGE_STANDARD = gnu99;
				GCC_DYNAMIC_NO_PIC = NO;
				GCC_NO_COMMON_BLOCKS = YES;
				GCC_OPTIMIZATION_LEVEL = 0;
				GCC_PREPROCESSOR_DEFINITIONS = (
					"DEBUG=1",
					"$(inherited)",
				);
				GCC_WARN_64_TO_32_BIT_CONVERSION = YES;
				GCC_WARN_ABOUT_RETURN_TYPE = YES_ERROR;
				GCC_WARN_UNDECLARED_SELECTOR = YES;
				GCC_WARN_UNINITIALIZED_AUTOS = YES_AGGRESSIVE;
				GCC_WARN_UNUSED_FUNCTION = YES;
				GCC_WARN_UNUSED_VARIABLE = YES;
				IPHONEOS_DEPLOYMENT_TARGET = 10.3;
				MTL_ENABLE_DEBUG_INFO = YES;
				ONLY_ACTIVE_ARCH = YES;
				SDKROOT = iphoneos;
			};
			name = Debug;
		};
		27850F901F1CF39C009CF48A /* Release */ = {
			isa = XCBuildConfiguration;
			buildSettings = {
				ALWAYS_SEARCH_USER_PATHS = NO;
				CLANG_ANALYZER_NONNULL = YES;
				CLANG_ANALYZER_NUMBER_OBJECT_CONVERSION = YES_AGGRESSIVE;
				CLANG_CXX_LANGUAGE_STANDARD = "gnu++0x";
				CLANG_CXX_LIBRARY = "libc++";
				CLANG_ENABLE_MODULES = YES;
				CLANG_ENABLE_OBJC_ARC = YES;
				CLANG_WARN_BOOL_CONVERSION = YES;
				CLANG_WARN_CONSTANT_CONVERSION = YES;
				CLANG_WARN_DIRECT_OBJC_ISA_USAGE = YES_ERROR;
				CLANG_WARN_DOCUMENTATION_COMMENTS = YES;
				CLANG_WARN_EMPTY_BODY = YES;
				CLANG_WARN_ENUM_CONVERSION = YES;
				CLANG_WARN_INFINITE_RECURSION = YES;
				CLANG_WARN_INT_CONVERSION = YES;
				CLANG_WARN_OBJC_ROOT_CLASS = YES_ERROR;
				CLANG_WARN_SUSPICIOUS_MOVE = YES;
				CLANG_WARN_UNREACHABLE_CODE = YES;
				CLANG_WARN__DUPLICATE_METHOD_MATCH = YES;
				"CODE_SIGN_IDENTITY[sdk=iphoneos*]" = "iPhone Developer";
				COPY_PHASE_STRIP = NO;
				DEBUG_INFORMATION_FORMAT = "dwarf-with-dsym";
				ENABLE_NS_ASSERTIONS = NO;
				ENABLE_STRICT_OBJC_MSGSEND = YES;
				GCC_C_LANGUAGE_STANDARD = gnu99;
				GCC_NO_COMMON_BLOCKS = YES;
				GCC_WARN_64_TO_32_BIT_CONVERSION = YES;
				GCC_WARN_ABOUT_RETURN_TYPE = YES_ERROR;
				GCC_WARN_UNDECLARED_SELECTOR = YES;
				GCC_WARN_UNINITIALIZED_AUTOS = YES_AGGRESSIVE;
				GCC_WARN_UNUSED_FUNCTION = YES;
				GCC_WARN_UNUSED_VARIABLE = YES;
				IPHONEOS_DEPLOYMENT_TARGET = 10.3;
				MTL_ENABLE_DEBUG_INFO = NO;
				SDKROOT = iphoneos;
				VALIDATE_PRODUCT = YES;
			};
			name = Release;
		};
		27850F921F1CF39C009CF48A /* Debug */ = {
			isa = XCBuildConfiguration;
			buildSettings = {
				ASSETCATALOG_COMPILER_APPICON_NAME = AppIcon;
				DEVELOPMENT_TEAM = 6J97Z89R45;
				INFOPLIST_FILE = ioser/Info.plist;
				LD_RUNPATH_SEARCH_PATHS = "$(inherited) @executable_path/Frameworks";
				PRODUCT_BUNDLE_IDENTIFIER = "super-yu.ioser";
				PRODUCT_NAME = "$(TARGET_NAME)";
			};
			name = Debug;
		};
		27850F931F1CF39C009CF48A /* Release */ = {
			isa = XCBuildConfiguration;
			buildSettings = {
				ASSETCATALOG_COMPILER_APPICON_NAME = AppIcon;
				DEVELOPMENT_TEAM = 6J97Z89R45;
				INFOPLIST_FILE = ioser/Info.plist;
				LD_RUNPATH_SEARCH_PATHS = "$(inherited) @executable_path/Frameworks";
				PRODUCT_BUNDLE_IDENTIFIER = "super-yu.ioser";
				PRODUCT_NAME = "$(TARGET_NAME)";
			};
			name = Release;
		};
/* End XCBuildConfiguration section */

/* Begin XCConfigurationList section */
		27850F751F1CF39C009CF48A /* Build configuration list for PBXProject "ioser" */ = {
			isa = XCConfigurationList;
			buildConfigurations = (
				27850F8F1F1CF39C009CF48A /* Debug */,
				27850F901F1CF39C009CF48A /* Release */,
			);
			defaultConfigurationIsVisible = 0;
			defaultConfigurationName = Release;
		};
		27850F911F1CF39C009CF48A /* Build configuration list for PBXNativeTarget "ioser" */ = {
			isa = XCConfigurationList;
			buildConfigurations = (
				27850F921F1CF39C009CF48A /* Debug */,
				27850F931F1CF39C009CF48A /* Release */,
			);
			defaultConfigurationIsVisible = 0;
			defaultConfigurationName = Release;
		};
/* End XCConfigurationList section */
	};
	rootObject = 27850F721F1CF39C009CF48A /* Project object */;
}
